# This file is automatically @generated by Poetry 1.5.1 and should not be changed by hand.

[[package]]
name = "adafruit-bme280"
version = "1.0.1"
description = "Python code to use the BME280 temperature/humidity/pressure sensor with a Raspberry Pi or BeagleBone black."
optional = false
python-versions = "*"
files = [
    {file = "Adafruit_BME280-1.0.1-py3-none-any.whl", hash = "sha256:0eaf07357b3a7ea8732872935f2f0a0c81b89c6fb4c5b92270a08b6692882b23"},
    {file = "Adafruit_BME280-1.0.1.zip", hash = "sha256:e0901d1f04aa3d556e9c19f571ede11edf1841f6958ba0d62f3ac7ea5f45d62d"},
]

[package.dependencies]
Adafruit-GPIO = ">=0.6.5"

[[package]]
name = "adafruit-gpio"
version = "1.0.3"
description = "Library to provide a cross-platform GPIO interface on the Raspberry Pi and Beaglebone Black using the RPi.GPIO and Adafruit_BBIO libraries."
optional = false
python-versions = "*"
files = [
    {file = "Adafruit_GPIO-1.0.3.tar.gz", hash = "sha256:d6465b92c866c51ca8f3bc1e8f2ec36f5ccdb46d0fd54101c1109756d4a2dcd0"},
]

[package.dependencies]
adafruit-pureio = "*"
spidev = "*"

[[package]]
name = "adafruit-pureio"
version = "1.1.11"
description = "Pure python (i.e. no native extensions) access to Linux IO    including I2C and SPI. Drop in replacement for smbus and spidev modules."
optional = false
python-versions = ">=3.5.0"
files = [
    {file = "Adafruit_PureIO-1.1.11-py3-none-any.whl", hash = "sha256:281ab2099372cc0decc26326918996cbf21b8eed694ec4764d51eefa029d324e"},
    {file = "Adafruit_PureIO-1.1.11.tar.gz", hash = "sha256:c4cfbb365731942d1f1092a116f47dfdae0aef18c5b27f1072b5824ad5ea8c7c"},
]

[[package]]
name = "python-ivi"
version = "0.14.9"
description = "Python Interchangeable Virtual Instrument Library"
optional = false
python-versions = "*"
files = []
develop = false

[package.extras]
serial = ["pyserial"]
usbtmc = ["python-usbtmc"]
vxi11 = ["python-vxi11"]

[package.source]
type = "git"
url = "git@github.com:alson/python-ivi.git"
reference = "HEAD"
resolved_reference = "89b4c904e201f0371e5e328aae422567e3ef3b63"

[[package]]
name = "python-vxi11"
version = "0.9"
description = "Python VXI-11 driver for controlling instruments over Ethernet"
optional = false
python-versions = "*"
files = []
develop = false

[package.source]
type = "git"
url = "git@github.com:alson/python-vxi11.git"
reference = "HEAD"
resolved_reference = "74a417da9761a51d9c4be5ebf7d9a3184d654b37"

[[package]]
name = "quantiphy"
version = "2.19"
description = "physical quantities (numbers with units)"
optional = false
python-versions = ">=3.6"
files = [
    {file = "quantiphy-2.19-py3-none-any.whl", hash = "sha256:1dcd178e9f9f1a5f08389d92269859511f1a0fcd3feef00bded1056a3ce1f8de"},
    {file = "quantiphy-2.19.tar.gz", hash = "sha256:9dc004a1047948a6e50d783f6f443e1e4d988fc1a44ca1d2b4821d1e96fb935a"},
]

[[package]]
name = "spidev"
version = "3.6"
description = "Python bindings for Linux SPI access through spidev"
optional = false
python-versions = "*"
files = [
    {file = "spidev-3.6-cp39-cp39-linux_armv7l.whl", hash = "sha256:280abc00a1ef7780ef62c3f294f52a2527b6c47d8c269fea98664970bcaf6da5"},
    {file = "spidev-3.6.tar.gz", hash = "sha256:14dbc37594a4aaef85403ab617985d3c3ef464d62bc9b769ef552db53701115b"},
]

[metadata]
lock-version = "2.0"
python-versions = "^3.8"
content-hash = "29bdef62d2d313de61d7299927c0efe742979e931767850f18db58dd8a8a6c7c"
